// !$*UTF8*$!
{
	archiveVersion = 1;
	classes = {
	};
	objectVersion = 55;
	objects = {

/* Begin PBXBuildFile section */
		7F268E1B26937CDF000BF154 /* Swinject in Frameworks */ = {isa = PBXBuildFile; productRef = 7F268E1A26937CDF000BF154 /* Swinject */; };
		7F38FA302696F91900866D2D /* DefaultHomeViewController.swift in Sources */ = {isa = PBXBuildFile; fileRef = 7F38FA2F2696F91900866D2D /* DefaultHomeViewController.swift */; };
		7F38FA322696F92500866D2D /* HomeViewController.swift in Sources */ = {isa = PBXBuildFile; fileRef = 7F38FA312696F92500866D2D /* HomeViewController.swift */; };
		7F38FA342696FA7B00866D2D /* BaseViewController.swift in Sources */ = {isa = PBXBuildFile; fileRef = 7F38FA332696FA7B00866D2D /* BaseViewController.swift */; };
		7F38FA382696FABA00866D2D /* Colors.swift in Sources */ = {isa = PBXBuildFile; fileRef = 7F38FA372696FABA00866D2D /* Colors.swift */; };
		7F38FA3A2696FAC300866D2D /* Constants.swift in Sources */ = {isa = PBXBuildFile; fileRef = 7F38FA392696FAC300866D2D /* Constants.swift */; };
		7F38FA3E2696FC1200866D2D /* HomePresenter.swift in Sources */ = {isa = PBXBuildFile; fileRef = 7F38FA3D2696FC1200866D2D /* HomePresenter.swift */; };
		7F38FA402696FC1B00866D2D /* DefaultHomePresenter.swift in Sources */ = {isa = PBXBuildFile; fileRef = 7F38FA3F2696FC1B00866D2D /* DefaultHomePresenter.swift */; };
		7F38FA422696FC2900866D2D /* HomeRouter.swift in Sources */ = {isa = PBXBuildFile; fileRef = 7F38FA412696FC2900866D2D /* HomeRouter.swift */; };
		7F38FA442696FC3200866D2D /* DefaultHomeRouter.swift in Sources */ = {isa = PBXBuildFile; fileRef = 7F38FA432696FC3200866D2D /* DefaultHomeRouter.swift */; };
		7F38FA462696FD3600866D2D /* RouterBase.swift in Sources */ = {isa = PBXBuildFile; fileRef = 7F38FA452696FD3600866D2D /* RouterBase.swift */; };
		7F38FA4A2696FDFC00866D2D /* RegisterUtils.swift in Sources */ = {isa = PBXBuildFile; fileRef = 7F38FA492696FDFC00866D2D /* RegisterUtils.swift */; };
		7F38FA4C2696FE1B00866D2D /* Injector.swift in Sources */ = {isa = PBXBuildFile; fileRef = 7F38FA4B2696FE1B00866D2D /* Injector.swift */; };
		7F38FA4E2696FF1A00866D2D /* Interactor.swift in Sources */ = {isa = PBXBuildFile; fileRef = 7F38FA4D2696FF1A00866D2D /* Interactor.swift */; };
		7F38FA512696FF6000866D2D /* ListItemsInteractor.swift in Sources */ = {isa = PBXBuildFile; fileRef = 7F38FA502696FF6000866D2D /* ListItemsInteractor.swift */; };
		7F38FA532696FF6800866D2D /* ListItemsInteractorInjection.swift in Sources */ = {isa = PBXBuildFile; fileRef = 7F38FA522696FF6800866D2D /* ListItemsInteractorInjection.swift */; };
		7F38FA58269700FF00866D2D /* WebService.swift in Sources */ = {isa = PBXBuildFile; fileRef = 7F38FA57269700FF00866D2D /* WebService.swift */; };
		7F38FA5A2697010F00866D2D /* Endpoint.swift in Sources */ = {isa = PBXBuildFile; fileRef = 7F38FA592697010F00866D2D /* Endpoint.swift */; };
		7F38FA5C2697019300866D2D /* ListItems.swift in Sources */ = {isa = PBXBuildFile; fileRef = 7F38FA5B2697019300866D2D /* ListItems.swift */; };
		7F38FA5E269706CD00866D2D /* HomeInjection.swift in Sources */ = {isa = PBXBuildFile; fileRef = 7F38FA5D269706CD00866D2D /* HomeInjection.swift */; };
		7F38FA6026970DDE00866D2D /* ListItemsModel.swift in Sources */ = {isa = PBXBuildFile; fileRef = 7F38FA5F26970DDE00866D2D /* ListItemsModel.swift */; };
		7F38FA632697102D00866D2D /* UIViewController+ActivityIndicator.swift in Sources */ = {isa = PBXBuildFile; fileRef = 7F38FA622697102D00866D2D /* UIViewController+ActivityIndicator.swift */; };
		7F38FA6526971DA600866D2D /* DefaultHomeViewController+BuildComponents.swift in Sources */ = {isa = PBXBuildFile; fileRef = 7F38FA6426971DA600866D2D /* DefaultHomeViewController+BuildComponents.swift */; };
		7F38FA6726971DAF00866D2D /* DefaultHomeViewController+Layout.swift in Sources */ = {isa = PBXBuildFile; fileRef = 7F38FA6626971DAF00866D2D /* DefaultHomeViewController+Layout.swift */; };
		7F38FA6A26971F4900866D2D /* ListItemsTableManager.swift in Sources */ = {isa = PBXBuildFile; fileRef = 7F38FA6926971F4900866D2D /* ListItemsTableManager.swift */; };
		7F38FA6E269752F200866D2D /* ListItemsTableViewCell.swift in Sources */ = {isa = PBXBuildFile; fileRef = 7F38FA6C269752F200866D2D /* ListItemsTableViewCell.swift */; };
		7F38FA6F269752F200866D2D /* ListItemsTableViewCell.xib in Resources */ = {isa = PBXBuildFile; fileRef = 7F38FA6D269752F200866D2D /* ListItemsTableViewCell.xib */; };
		7F38FA7126975ECE00866D2D /* UITableViewCell+Identifier.swift in Sources */ = {isa = PBXBuildFile; fileRef = 7F38FA7026975ECE00866D2D /* UITableViewCell+Identifier.swift */; };
		7F38FA752697842300866D2D /* InvoiceModel.swift in Sources */ = {isa = PBXBuildFile; fileRef = 7F38FA742697842300866D2D /* InvoiceModel.swift */; };
		7F38FA7A26983BA400866D2D /* DetailInjection.swift in Sources */ = {isa = PBXBuildFile; fileRef = 7F38FA7926983BA400866D2D /* DetailInjection.swift */; };
		7F38FA7C269843E400866D2D /* DetailViewController.swift in Sources */ = {isa = PBXBuildFile; fileRef = 7F38FA7B269843E400866D2D /* DetailViewController.swift */; };
		7F38FA7E269843F800866D2D /* DefaultDetailViewController.swift in Sources */ = {isa = PBXBuildFile; fileRef = 7F38FA7D269843F800866D2D /* DefaultDetailViewController.swift */; };
		7F38FA802698440F00866D2D /* DefaultDetailViewController+BuildComponents.swift in Sources */ = {isa = PBXBuildFile; fileRef = 7F38FA7F2698440F00866D2D /* DefaultDetailViewController+BuildComponents.swift */; };
		7F38FA822698441A00866D2D /* DefaultDetailViewController+Layout.swift in Sources */ = {isa = PBXBuildFile; fileRef = 7F38FA812698441A00866D2D /* DefaultDetailViewController+Layout.swift */; };
		7F38FA842698463200866D2D /* DetailPresenter.swift in Sources */ = {isa = PBXBuildFile; fileRef = 7F38FA832698463200866D2D /* DetailPresenter.swift */; };
		7F38FA862698463A00866D2D /* DefaultDetailPresenter.swift in Sources */ = {isa = PBXBuildFile; fileRef = 7F38FA852698463A00866D2D /* DefaultDetailPresenter.swift */; };
		7F38FA8A2698471B00866D2D /* DetailRouter.swift in Sources */ = {isa = PBXBuildFile; fileRef = 7F38FA892698471B00866D2D /* DetailRouter.swift */; };
		7F38FA8C2698473800866D2D /* DefaultDetailRouter.swift in Sources */ = {isa = PBXBuildFile; fileRef = 7F38FA8B2698473800866D2D /* DefaultDetailRouter.swift */; };
		7F38FA8F26984A1400866D2D /* DiscountsInteractor.swift in Sources */ = {isa = PBXBuildFile; fileRef = 7F38FA8E26984A1400866D2D /* DiscountsInteractor.swift */; };
		7F38FA9126984A2B00866D2D /* DiscountsInteractorInjection.swift in Sources */ = {isa = PBXBuildFile; fileRef = 7F38FA9026984A2B00866D2D /* DiscountsInteractorInjection.swift */; };
		7F38FA9426986C3700866D2D /* ListPurchaseTableManager.swift in Sources */ = {isa = PBXBuildFile; fileRef = 7F38FA9326986C3700866D2D /* ListPurchaseTableManager.swift */; };
		7F38FA9626986CA300866D2D /* ListPurchaseModel.swift in Sources */ = {isa = PBXBuildFile; fileRef = 7F38FA9526986CA300866D2D /* ListPurchaseModel.swift */; };
		7F38FA9A26986D3A00866D2D /* ListPurchaseTableViewCell.swift in Sources */ = {isa = PBXBuildFile; fileRef = 7F38FA9826986D3A00866D2D /* ListPurchaseTableViewCell.swift */; };
		7F38FA9B26986D3A00866D2D /* ListPurchaseTableViewCell.xib in Resources */ = {isa = PBXBuildFile; fileRef = 7F38FA9926986D3A00866D2D /* ListPurchaseTableViewCell.xib */; };
		7F38FA9D2698929B00866D2D /* DiscountsManager.swift in Sources */ = {isa = PBXBuildFile; fileRef = 7F38FA9C2698929B00866D2D /* DiscountsManager.swift */; };
		7F731CFF269358E00084EB87 /* AppDelegate.swift in Sources */ = {isa = PBXBuildFile; fileRef = 7F731CFE269358E00084EB87 /* AppDelegate.swift */; };
		7F731D01269358E00084EB87 /* SceneDelegate.swift in Sources */ = {isa = PBXBuildFile; fileRef = 7F731D00269358E00084EB87 /* SceneDelegate.swift */; };
		7F731D08269358E10084EB87 /* Assets.xcassets in Resources */ = {isa = PBXBuildFile; fileRef = 7F731D07269358E10084EB87 /* Assets.xcassets */; };
		7F731D0B269358E10084EB87 /* LaunchScreen.storyboard in Resources */ = {isa = PBXBuildFile; fileRef = 7F731D09269358E10084EB87 /* LaunchScreen.storyboard */; };
		7F731D16269358E10084EB87 /* CanaryShopTests.swift in Sources */ = {isa = PBXBuildFile; fileRef = 7F731D15269358E10084EB87 /* CanaryShopTests.swift */; };
		7F731D20269358E10084EB87 /* CanaryShopUITests.swift in Sources */ = {isa = PBXBuildFile; fileRef = 7F731D1F269358E10084EB87 /* CanaryShopUITests.swift */; };
		7FC8DB38269C5938003BC4A8 /* DiscountsInteractorMock.swift in Sources */ = {isa = PBXBuildFile; fileRef = 7FC8DB37269C5938003BC4A8 /* DiscountsInteractorMock.swift */; };
		7FC8DB3A269C5940003BC4A8 /* DiscountsInteractorTest.swift in Sources */ = {isa = PBXBuildFile; fileRef = 7FC8DB39269C5940003BC4A8 /* DiscountsInteractorTest.swift */; };
		7FC8DB3C269C5C2E003BC4A8 /* DiscountsManagerMock.swift in Sources */ = {isa = PBXBuildFile; fileRef = 7FC8DB3B269C5C2E003BC4A8 /* DiscountsManagerMock.swift */; };
		7FC8DB3E269C6050003BC4A8 /* ListItemsInteractorMock.swift in Sources */ = {isa = PBXBuildFile; fileRef = 7FC8DB3D269C6050003BC4A8 /* ListItemsInteractorMock.swift */; };
		7FC8DB41269C60D7003BC4A8 /* ListItemsModelJSON.json in Resources */ = {isa = PBXBuildFile; fileRef = 7FC8DB40269C60D7003BC4A8 /* ListItemsModelJSON.json */; };
		7FC8DB44269C62D3003BC4A8 /* InvoiceStubs.swift in Sources */ = {isa = PBXBuildFile; fileRef = 7FC8DB43269C62D3003BC4A8 /* InvoiceStubs.swift */; };
		7FC8DB45269C670A003BC4A8 /* ListItemsModelJSON.json in Resources */ = {isa = PBXBuildFile; fileRef = 7FC8DB40269C60D7003BC4A8 /* ListItemsModelJSON.json */; };
		7FC8DB46269C670A003BC4A8 /* ListItemsModelJSON.json in Resources */ = {isa = PBXBuildFile; fileRef = 7FC8DB40269C60D7003BC4A8 /* ListItemsModelJSON.json */; };
/* End PBXBuildFile section */

/* Begin PBXContainerItemProxy section */
		7F731D12269358E10084EB87 /* PBXContainerItemProxy */ = {
			isa = PBXContainerItemProxy;
			containerPortal = 7F731CF3269358E00084EB87 /* Project object */;
			proxyType = 1;
			remoteGlobalIDString = 7F731CFA269358E00084EB87;
			remoteInfo = CanaryShop;
		};
		7F731D1C269358E10084EB87 /* PBXContainerItemProxy */ = {
			isa = PBXContainerItemProxy;
			containerPortal = 7F731CF3269358E00084EB87 /* Project object */;
			proxyType = 1;
			remoteGlobalIDString = 7F731CFA269358E00084EB87;
			remoteInfo = CanaryShop;
		};
/* End PBXContainerItemProxy section */

/* Begin PBXFileReference section */
		7F38FA2F2696F91900866D2D /* DefaultHomeViewController.swift */ = {isa = PBXFileReference; lastKnownFileType = sourcecode.swift; path = DefaultHomeViewController.swift; sourceTree = "<group>"; };
		7F38FA312696F92500866D2D /* HomeViewController.swift */ = {isa = PBXFileReference; lastKnownFileType = sourcecode.swift; path = HomeViewController.swift; sourceTree = "<group>"; };
		7F38FA332696FA7B00866D2D /* BaseViewController.swift */ = {isa = PBXFileReference; lastKnownFileType = sourcecode.swift; path = BaseViewController.swift; sourceTree = "<group>"; };
		7F38FA372696FABA00866D2D /* Colors.swift */ = {isa = PBXFileReference; lastKnownFileType = sourcecode.swift; path = Colors.swift; sourceTree = "<group>"; };
		7F38FA392696FAC300866D2D /* Constants.swift */ = {isa = PBXFileReference; lastKnownFileType = sourcecode.swift; path = Constants.swift; sourceTree = "<group>"; };
		7F38FA3D2696FC1200866D2D /* HomePresenter.swift */ = {isa = PBXFileReference; lastKnownFileType = sourcecode.swift; path = HomePresenter.swift; sourceTree = "<group>"; };
		7F38FA3F2696FC1B00866D2D /* DefaultHomePresenter.swift */ = {isa = PBXFileReference; lastKnownFileType = sourcecode.swift; path = DefaultHomePresenter.swift; sourceTree = "<group>"; };
		7F38FA412696FC2900866D2D /* HomeRouter.swift */ = {isa = PBXFileReference; lastKnownFileType = sourcecode.swift; path = HomeRouter.swift; sourceTree = "<group>"; };
		7F38FA432696FC3200866D2D /* DefaultHomeRouter.swift */ = {isa = PBXFileReference; lastKnownFileType = sourcecode.swift; path = DefaultHomeRouter.swift; sourceTree = "<group>"; };
		7F38FA452696FD3600866D2D /* RouterBase.swift */ = {isa = PBXFileReference; lastKnownFileType = sourcecode.swift; path = RouterBase.swift; sourceTree = "<group>"; };
		7F38FA492696FDFC00866D2D /* RegisterUtils.swift */ = {isa = PBXFileReference; lastKnownFileType = sourcecode.swift; path = RegisterUtils.swift; sourceTree = "<group>"; };
		7F38FA4B2696FE1B00866D2D /* Injector.swift */ = {isa = PBXFileReference; lastKnownFileType = sourcecode.swift; path = Injector.swift; sourceTree = "<group>"; };
		7F38FA4D2696FF1A00866D2D /* Interactor.swift */ = {isa = PBXFileReference; lastKnownFileType = sourcecode.swift; path = Interactor.swift; sourceTree = "<group>"; };
		7F38FA502696FF6000866D2D /* ListItemsInteractor.swift */ = {isa = PBXFileReference; lastKnownFileType = sourcecode.swift; path = ListItemsInteractor.swift; sourceTree = "<group>"; };
		7F38FA522696FF6800866D2D /* ListItemsInteractorInjection.swift */ = {isa = PBXFileReference; lastKnownFileType = sourcecode.swift; path = ListItemsInteractorInjection.swift; sourceTree = "<group>"; };
		7F38FA57269700FF00866D2D /* WebService.swift */ = {isa = PBXFileReference; lastKnownFileType = sourcecode.swift; path = WebService.swift; sourceTree = "<group>"; };
		7F38FA592697010F00866D2D /* Endpoint.swift */ = {isa = PBXFileReference; lastKnownFileType = sourcecode.swift; path = Endpoint.swift; sourceTree = "<group>"; };
		7F38FA5B2697019300866D2D /* ListItems.swift */ = {isa = PBXFileReference; lastKnownFileType = sourcecode.swift; path = ListItems.swift; sourceTree = "<group>"; };
		7F38FA5D269706CD00866D2D /* HomeInjection.swift */ = {isa = PBXFileReference; lastKnownFileType = sourcecode.swift; path = HomeInjection.swift; sourceTree = "<group>"; };
		7F38FA5F26970DDE00866D2D /* ListItemsModel.swift */ = {isa = PBXFileReference; lastKnownFileType = sourcecode.swift; path = ListItemsModel.swift; sourceTree = "<group>"; };
		7F38FA622697102D00866D2D /* UIViewController+ActivityIndicator.swift */ = {isa = PBXFileReference; lastKnownFileType = sourcecode.swift; path = "UIViewController+ActivityIndicator.swift"; sourceTree = "<group>"; };
		7F38FA6426971DA600866D2D /* DefaultHomeViewController+BuildComponents.swift */ = {isa = PBXFileReference; lastKnownFileType = sourcecode.swift; path = "DefaultHomeViewController+BuildComponents.swift"; sourceTree = "<group>"; };
		7F38FA6626971DAF00866D2D /* DefaultHomeViewController+Layout.swift */ = {isa = PBXFileReference; lastKnownFileType = sourcecode.swift; path = "DefaultHomeViewController+Layout.swift"; sourceTree = "<group>"; };
		7F38FA6926971F4900866D2D /* ListItemsTableManager.swift */ = {isa = PBXFileReference; lastKnownFileType = sourcecode.swift; path = ListItemsTableManager.swift; sourceTree = "<group>"; };
		7F38FA6C269752F200866D2D /* ListItemsTableViewCell.swift */ = {isa = PBXFileReference; lastKnownFileType = sourcecode.swift; path = ListItemsTableViewCell.swift; sourceTree = "<group>"; };
		7F38FA6D269752F200866D2D /* ListItemsTableViewCell.xib */ = {isa = PBXFileReference; lastKnownFileType = file.xib; path = ListItemsTableViewCell.xib; sourceTree = "<group>"; };
		7F38FA7026975ECE00866D2D /* UITableViewCell+Identifier.swift */ = {isa = PBXFileReference; lastKnownFileType = sourcecode.swift; path = "UITableViewCell+Identifier.swift"; sourceTree = "<group>"; };
		7F38FA742697842300866D2D /* InvoiceModel.swift */ = {isa = PBXFileReference; lastKnownFileType = sourcecode.swift; path = InvoiceModel.swift; sourceTree = "<group>"; };
		7F38FA7926983BA400866D2D /* DetailInjection.swift */ = {isa = PBXFileReference; lastKnownFileType = sourcecode.swift; path = DetailInjection.swift; sourceTree = "<group>"; };
		7F38FA7B269843E400866D2D /* DetailViewController.swift */ = {isa = PBXFileReference; lastKnownFileType = sourcecode.swift; path = DetailViewController.swift; sourceTree = "<group>"; };
		7F38FA7D269843F800866D2D /* DefaultDetailViewController.swift */ = {isa = PBXFileReference; lastKnownFileType = sourcecode.swift; path = DefaultDetailViewController.swift; sourceTree = "<group>"; };
		7F38FA7F2698440F00866D2D /* DefaultDetailViewController+BuildComponents.swift */ = {isa = PBXFileReference; lastKnownFileType = sourcecode.swift; path = "DefaultDetailViewController+BuildComponents.swift"; sourceTree = "<group>"; };
		7F38FA812698441A00866D2D /* DefaultDetailViewController+Layout.swift */ = {isa = PBXFileReference; lastKnownFileType = sourcecode.swift; path = "DefaultDetailViewController+Layout.swift"; sourceTree = "<group>"; };
		7F38FA832698463200866D2D /* DetailPresenter.swift */ = {isa = PBXFileReference; lastKnownFileType = sourcecode.swift; path = DetailPresenter.swift; sourceTree = "<group>"; };
		7F38FA852698463A00866D2D /* DefaultDetailPresenter.swift */ = {isa = PBXFileReference; lastKnownFileType = sourcecode.swift; path = DefaultDetailPresenter.swift; sourceTree = "<group>"; };
		7F38FA892698471B00866D2D /* DetailRouter.swift */ = {isa = PBXFileReference; lastKnownFileType = sourcecode.swift; path = DetailRouter.swift; sourceTree = "<group>"; };
		7F38FA8B2698473800866D2D /* DefaultDetailRouter.swift */ = {isa = PBXFileReference; lastKnownFileType = sourcecode.swift; path = DefaultDetailRouter.swift; sourceTree = "<group>"; };
		7F38FA8E26984A1400866D2D /* DiscountsInteractor.swift */ = {isa = PBXFileReference; lastKnownFileType = sourcecode.swift; path = DiscountsInteractor.swift; sourceTree = "<group>"; };
		7F38FA9026984A2B00866D2D /* DiscountsInteractorInjection.swift */ = {isa = PBXFileReference; lastKnownFileType = sourcecode.swift; path = DiscountsInteractorInjection.swift; sourceTree = "<group>"; };
		7F38FA9326986C3700866D2D /* ListPurchaseTableManager.swift */ = {isa = PBXFileReference; lastKnownFileType = sourcecode.swift; path = ListPurchaseTableManager.swift; sourceTree = "<group>"; };
		7F38FA9526986CA300866D2D /* ListPurchaseModel.swift */ = {isa = PBXFileReference; lastKnownFileType = sourcecode.swift; path = ListPurchaseModel.swift; sourceTree = "<group>"; };
		7F38FA9826986D3A00866D2D /* ListPurchaseTableViewCell.swift */ = {isa = PBXFileReference; lastKnownFileType = sourcecode.swift; path = ListPurchaseTableViewCell.swift; sourceTree = "<group>"; };
		7F38FA9926986D3A00866D2D /* ListPurchaseTableViewCell.xib */ = {isa = PBXFileReference; lastKnownFileType = file.xib; path = ListPurchaseTableViewCell.xib; sourceTree = "<group>"; };
		7F38FA9C2698929B00866D2D /* DiscountsManager.swift */ = {isa = PBXFileReference; lastKnownFileType = sourcecode.swift; path = DiscountsManager.swift; sourceTree = "<group>"; };
		7F731CFB269358E00084EB87 /* CanaryShop.app */ = {isa = PBXFileReference; explicitFileType = wrapper.application; includeInIndex = 0; path = CanaryShop.app; sourceTree = BUILT_PRODUCTS_DIR; };
		7F731CFE269358E00084EB87 /* AppDelegate.swift */ = {isa = PBXFileReference; lastKnownFileType = sourcecode.swift; path = AppDelegate.swift; sourceTree = "<group>"; };
		7F731D00269358E00084EB87 /* SceneDelegate.swift */ = {isa = PBXFileReference; lastKnownFileType = sourcecode.swift; path = SceneDelegate.swift; sourceTree = "<group>"; };
		7F731D07269358E10084EB87 /* Assets.xcassets */ = {isa = PBXFileReference; lastKnownFileType = folder.assetcatalog; path = Assets.xcassets; sourceTree = "<group>"; };
		7F731D0A269358E10084EB87 /* Base */ = {isa = PBXFileReference; lastKnownFileType = file.storyboard; name = Base; path = Base.lproj/LaunchScreen.storyboard; sourceTree = "<group>"; };
		7F731D0C269358E10084EB87 /* Info.plist */ = {isa = PBXFileReference; lastKnownFileType = text.plist.xml; path = Info.plist; sourceTree = "<group>"; };
		7F731D11269358E10084EB87 /* CanaryShopTests.xctest */ = {isa = PBXFileReference; explicitFileType = wrapper.cfbundle; includeInIndex = 0; path = CanaryShopTests.xctest; sourceTree = BUILT_PRODUCTS_DIR; };
		7F731D15269358E10084EB87 /* CanaryShopTests.swift */ = {isa = PBXFileReference; lastKnownFileType = sourcecode.swift; path = CanaryShopTests.swift; sourceTree = "<group>"; };
		7F731D1B269358E10084EB87 /* CanaryShopUITests.xctest */ = {isa = PBXFileReference; explicitFileType = wrapper.cfbundle; includeInIndex = 0; path = CanaryShopUITests.xctest; sourceTree = BUILT_PRODUCTS_DIR; };
		7F731D1F269358E10084EB87 /* CanaryShopUITests.swift */ = {isa = PBXFileReference; lastKnownFileType = sourcecode.swift; path = CanaryShopUITests.swift; sourceTree = "<group>"; };
		7FC8DB37269C5938003BC4A8 /* DiscountsInteractorMock.swift */ = {isa = PBXFileReference; lastKnownFileType = sourcecode.swift; path = DiscountsInteractorMock.swift; sourceTree = "<group>"; };
		7FC8DB39269C5940003BC4A8 /* DiscountsInteractorTest.swift */ = {isa = PBXFileReference; lastKnownFileType = sourcecode.swift; path = DiscountsInteractorTest.swift; sourceTree = "<group>"; };
		7FC8DB3B269C5C2E003BC4A8 /* DiscountsManagerMock.swift */ = {isa = PBXFileReference; lastKnownFileType = sourcecode.swift; path = DiscountsManagerMock.swift; sourceTree = "<group>"; };
		7FC8DB3D269C6050003BC4A8 /* ListItemsInteractorMock.swift */ = {isa = PBXFileReference; lastKnownFileType = sourcecode.swift; path = ListItemsInteractorMock.swift; sourceTree = "<group>"; };
		7FC8DB40269C60D7003BC4A8 /* ListItemsModelJSON.json */ = {isa = PBXFileReference; fileEncoding = 4; lastKnownFileType = text.json; path = ListItemsModelJSON.json; sourceTree = "<group>"; };
		7FC8DB43269C62D3003BC4A8 /* InvoiceStubs.swift */ = {isa = PBXFileReference; lastKnownFileType = sourcecode.swift; path = InvoiceStubs.swift; sourceTree = "<group>"; };
/* End PBXFileReference section */

/* Begin PBXFrameworksBuildPhase section */
		7F731CF8269358E00084EB87 /* Frameworks */ = {
			isa = PBXFrameworksBuildPhase;
			buildActionMask = 2147483647;
			files = (
				7F268E1B26937CDF000BF154 /* Swinject in Frameworks */,
			);
			runOnlyForDeploymentPostprocessing = 0;
		};
		7F731D0E269358E10084EB87 /* Frameworks */ = {
			isa = PBXFrameworksBuildPhase;
			buildActionMask = 2147483647;
			files = (
			);
			runOnlyForDeploymentPostprocessing = 0;
		};
		7F731D18269358E10084EB87 /* Frameworks */ = {
			isa = PBXFrameworksBuildPhase;
			buildActionMask = 2147483647;
			files = (
			);
			runOnlyForDeploymentPostprocessing = 0;
		};
/* End PBXFrameworksBuildPhase section */

/* Begin PBXGroup section */
		7F38FA282696F7E900866D2D /* Base */ = {
			isa = PBXGroup;
			children = (
				7F38FA482696FDD400866D2D /* Interactors */,
				7F38FA472696FDCA00866D2D /* Injection */,
				7F731D0C269358E10084EB87 /* Info.plist */,
				7F731CFE269358E00084EB87 /* AppDelegate.swift */,
				7F38FA332696FA7B00866D2D /* BaseViewController.swift */,
				7F38FA452696FD3600866D2D /* RouterBase.swift */,
				7F731D00269358E00084EB87 /* SceneDelegate.swift */,
				7F731D07269358E10084EB87 /* Assets.xcassets */,
				7F731D09269358E10084EB87 /* LaunchScreen.storyboard */,
			);
			path = Base;
			sourceTree = "<group>";
		};
		7F38FA292696F7F000866D2D /* Commons */ = {
			isa = PBXGroup;
			children = (
				7F38FA372696FABA00866D2D /* Colors.swift */,
				7F38FA392696FAC300866D2D /* Constants.swift */,
				7F38FA9C2698929B00866D2D /* DiscountsManager.swift */,
				7F38FA612697102200866D2D /* Utils */,
				7F38FA9E2698938900866D2D /* ViewModels */,
			);
			path = Commons;
			sourceTree = "<group>";
		};
		7F38FA2A2696F7F700866D2D /* Modules */ = {
			isa = PBXGroup;
			children = (
				7F38FA2D2696F8B100866D2D /* Detail */,
				7F38FA2C2696F8AC00866D2D /* Home */,
			);
			path = Modules;
			sourceTree = "<group>";
		};
		7F38FA2B2696F7FD00866D2D /* NetworkLayer */ = {
			isa = PBXGroup;
			children = (
				7F38FA54269700C200866D2D /* Configuration */,
				7F38FA55269700CA00866D2D /* Endpoints */,
				7F38FA56269700D100866D2D /* Models */,
			);
			path = NetworkLayer;
			sourceTree = "<group>";
		};
		7F38FA2C2696F8AC00866D2D /* Home */ = {
			isa = PBXGroup;
			children = (
				7F38FA5D269706CD00866D2D /* HomeInjection.swift */,
				7F38FA3B2696FBE900866D2D /* HomePresenter */,
				7F38FA3C2696FBF000866D2D /* HomeRouter */,
				7F38FA2E2696F8F600866D2D /* HomeView */,
			);
			path = Home;
			sourceTree = "<group>";
		};
		7F38FA2D2696F8B100866D2D /* Detail */ = {
			isa = PBXGroup;
			children = (
				7F38FA7926983BA400866D2D /* DetailInjection.swift */,
				7F38FA7826983B9400866D2D /* DetailPresenter */,
				7F38FA7726983B8D00866D2D /* DetailRouter */,
				7F38FA7626983B8600866D2D /* DetailView */,
			);
			path = Detail;
			sourceTree = "<group>";
		};
		7F38FA2E2696F8F600866D2D /* HomeView */ = {
			isa = PBXGroup;
			children = (
				7F38FA6826971F3800866D2D /* Utils */,
				7F38FA2F2696F91900866D2D /* DefaultHomeViewController.swift */,
				7F38FA6426971DA600866D2D /* DefaultHomeViewController+BuildComponents.swift */,
				7F38FA6626971DAF00866D2D /* DefaultHomeViewController+Layout.swift */,
				7F38FA312696F92500866D2D /* HomeViewController.swift */,
			);
			path = HomeView;
			sourceTree = "<group>";
		};
		7F38FA3B2696FBE900866D2D /* HomePresenter */ = {
			isa = PBXGroup;
			children = (
				7F38FA3D2696FC1200866D2D /* HomePresenter.swift */,
				7F38FA3F2696FC1B00866D2D /* DefaultHomePresenter.swift */,
			);
			path = HomePresenter;
			sourceTree = "<group>";
		};
		7F38FA3C2696FBF000866D2D /* HomeRouter */ = {
			isa = PBXGroup;
			children = (
				7F38FA412696FC2900866D2D /* HomeRouter.swift */,
				7F38FA432696FC3200866D2D /* DefaultHomeRouter.swift */,
			);
			path = HomeRouter;
			sourceTree = "<group>";
		};
		7F38FA472696FDCA00866D2D /* Injection */ = {
			isa = PBXGroup;
			children = (
				7F38FA4B2696FE1B00866D2D /* Injector.swift */,
				7F38FA492696FDFC00866D2D /* RegisterUtils.swift */,
			);
			path = Injection;
			sourceTree = "<group>";
		};
		7F38FA482696FDD400866D2D /* Interactors */ = {
			isa = PBXGroup;
			children = (
				7F38FA4D2696FF1A00866D2D /* Interactor.swift */,
				7F38FA8D269849EB00866D2D /* Discounts */,
				7F38FA4F2696FF3E00866D2D /* ListItems */,
			);
			path = Interactors;
			sourceTree = "<group>";
		};
		7F38FA4F2696FF3E00866D2D /* ListItems */ = {
			isa = PBXGroup;
			children = (
				7F38FA502696FF6000866D2D /* ListItemsInteractor.swift */,
				7F38FA522696FF6800866D2D /* ListItemsInteractorInjection.swift */,
			);
			path = ListItems;
			sourceTree = "<group>";
		};
		7F38FA54269700C200866D2D /* Configuration */ = {
			isa = PBXGroup;
			children = (
				7F38FA592697010F00866D2D /* Endpoint.swift */,
				7F38FA57269700FF00866D2D /* WebService.swift */,
			);
			path = Configuration;
			sourceTree = "<group>";
		};
		7F38FA55269700CA00866D2D /* Endpoints */ = {
			isa = PBXGroup;
			children = (
				7F38FA5B2697019300866D2D /* ListItems.swift */,
			);
			path = Endpoints;
			sourceTree = "<group>";
		};
		7F38FA56269700D100866D2D /* Models */ = {
			isa = PBXGroup;
			children = (
				7F38FA5F26970DDE00866D2D /* ListItemsModel.swift */,
			);
			path = Models;
			sourceTree = "<group>";
		};
		7F38FA612697102200866D2D /* Utils */ = {
			isa = PBXGroup;
			children = (
				7F38FA622697102D00866D2D /* UIViewController+ActivityIndicator.swift */,
				7F38FA7026975ECE00866D2D /* UITableViewCell+Identifier.swift */,
			);
			path = Utils;
			sourceTree = "<group>";
		};
		7F38FA6826971F3800866D2D /* Utils */ = {
			isa = PBXGroup;
			children = (
				7F38FA6B269752BD00866D2D /* Collections */,
				7F38FA6926971F4900866D2D /* ListItemsTableManager.swift */,
			);
			path = Utils;
			sourceTree = "<group>";
		};
		7F38FA6B269752BD00866D2D /* Collections */ = {
			isa = PBXGroup;
			children = (
				7F38FA6C269752F200866D2D /* ListItemsTableViewCell.swift */,
				7F38FA6D269752F200866D2D /* ListItemsTableViewCell.xib */,
			);
			path = Collections;
			sourceTree = "<group>";
		};
		7F38FA7626983B8600866D2D /* DetailView */ = {
			isa = PBXGroup;
			children = (
				7F38FA9226986C3100866D2D /* Utils */,
				7F38FA7D269843F800866D2D /* DefaultDetailViewController.swift */,
				7F38FA7F2698440F00866D2D /* DefaultDetailViewController+BuildComponents.swift */,
				7F38FA812698441A00866D2D /* DefaultDetailViewController+Layout.swift */,
				7F38FA7B269843E400866D2D /* DetailViewController.swift */,
			);
			path = DetailView;
			sourceTree = "<group>";
		};
		7F38FA7726983B8D00866D2D /* DetailRouter */ = {
			isa = PBXGroup;
			children = (
				7F38FA8B2698473800866D2D /* DefaultDetailRouter.swift */,
				7F38FA892698471B00866D2D /* DetailRouter.swift */,
			);
			path = DetailRouter;
			sourceTree = "<group>";
		};
		7F38FA7826983B9400866D2D /* DetailPresenter */ = {
			isa = PBXGroup;
			children = (
				7F38FA852698463A00866D2D /* DefaultDetailPresenter.swift */,
				7F38FA832698463200866D2D /* DetailPresenter.swift */,
			);
			path = DetailPresenter;
			sourceTree = "<group>";
		};
		7F38FA8D269849EB00866D2D /* Discounts */ = {
			isa = PBXGroup;
			children = (
				7F38FA8E26984A1400866D2D /* DiscountsInteractor.swift */,
				7F38FA9026984A2B00866D2D /* DiscountsInteractorInjection.swift */,
			);
			path = Discounts;
			sourceTree = "<group>";
		};
		7F38FA9226986C3100866D2D /* Utils */ = {
			isa = PBXGroup;
			children = (
				7F38FA9726986D1800866D2D /* Collections */,
				7F38FA9326986C3700866D2D /* ListPurchaseTableManager.swift */,
			);
			path = Utils;
			sourceTree = "<group>";
		};
		7F38FA9726986D1800866D2D /* Collections */ = {
			isa = PBXGroup;
			children = (
				7F38FA9826986D3A00866D2D /* ListPurchaseTableViewCell.swift */,
				7F38FA9926986D3A00866D2D /* ListPurchaseTableViewCell.xib */,
			);
			path = Collections;
			sourceTree = "<group>";
		};
		7F38FA9E2698938900866D2D /* ViewModels */ = {
			isa = PBXGroup;
			children = (
				7F38FA742697842300866D2D /* InvoiceModel.swift */,
				7F38FA9526986CA300866D2D /* ListPurchaseModel.swift */,
			);
			path = ViewModels;
			sourceTree = "<group>";
		};
		7F731CF2269358E00084EB87 = {
			isa = PBXGroup;
			children = (
				7F731CFD269358E00084EB87 /* CanaryShop */,
				7F731D14269358E10084EB87 /* CanaryShopTests */,
				7F731D1E269358E10084EB87 /* CanaryShopUITests */,
				7F731CFC269358E00084EB87 /* Products */,
			);
			sourceTree = "<group>";
		};
		7F731CFC269358E00084EB87 /* Products */ = {
			isa = PBXGroup;
			children = (
				7F731CFB269358E00084EB87 /* CanaryShop.app */,
				7F731D11269358E10084EB87 /* CanaryShopTests.xctest */,
				7F731D1B269358E10084EB87 /* CanaryShopUITests.xctest */,
			);
			name = Products;
			sourceTree = "<group>";
		};
		7F731CFD269358E00084EB87 /* CanaryShop */ = {
			isa = PBXGroup;
			children = (
				7F38FA282696F7E900866D2D /* Base */,
				7F38FA292696F7F000866D2D /* Commons */,
				7F38FA2A2696F7F700866D2D /* Modules */,
				7F38FA2B2696F7FD00866D2D /* NetworkLayer */,
			);
			path = CanaryShop;
			sourceTree = "<group>";
		};
		7F731D14269358E10084EB87 /* CanaryShopTests */ = {
			isa = PBXGroup;
			children = (
				7FC8DB42269C62C3003BC4A8 /* Stubs */,
				7F731D15269358E10084EB87 /* CanaryShopTests.swift */,
				7FC8DB39269C5940003BC4A8 /* DiscountsInteractorTest.swift */,
				7FC8DB36269C591F003BC4A8 /* CommonMocks */,
				7FC8DB3F269C6074003BC4A8 /* JSON */,
			);
			path = CanaryShopTests;
			sourceTree = "<group>";
		};
		7F731D1E269358E10084EB87 /* CanaryShopUITests */ = {
			isa = PBXGroup;
			children = (
				7F731D1F269358E10084EB87 /* CanaryShopUITests.swift */,
			);
			path = CanaryShopUITests;
			sourceTree = "<group>";
		};
		7FC8DB36269C591F003BC4A8 /* CommonMocks */ = {
			isa = PBXGroup;
			children = (
				7FC8DB37269C5938003BC4A8 /* DiscountsInteractorMock.swift */,
				7FC8DB3B269C5C2E003BC4A8 /* DiscountsManagerMock.swift */,
				7FC8DB3D269C6050003BC4A8 /* ListItemsInteractorMock.swift */,
			);
			path = CommonMocks;
			sourceTree = "<group>";
		};
		7FC8DB3F269C6074003BC4A8 /* JSON */ = {
			isa = PBXGroup;
			children = (
				7FC8DB40269C60D7003BC4A8 /* ListItemsModelJSON.json */,
			);
			path = JSON;
			sourceTree = "<group>";
		};
		7FC8DB42269C62C3003BC4A8 /* Stubs */ = {
			isa = PBXGroup;
			children = (
				7FC8DB43269C62D3003BC4A8 /* InvoiceStubs.swift */,
			);
			path = Stubs;
			sourceTree = "<group>";
		};
/* End PBXGroup section */

/* Begin PBXNativeTarget section */
		7F731CFA269358E00084EB87 /* CanaryShop */ = {
			isa = PBXNativeTarget;
			buildConfigurationList = 7F731D23269358E10084EB87 /* Build configuration list for PBXNativeTarget "CanaryShop" */;
			buildPhases = (
				7F731CF7269358E00084EB87 /* Sources */,
				7F731CF8269358E00084EB87 /* Frameworks */,
				7F731CF9269358E00084EB87 /* Resources */,
			);
			buildRules = (
			);
			dependencies = (
			);
			name = CanaryShop;
			packageProductDependencies = (
				7F268E1A26937CDF000BF154 /* Swinject */,
			);
			productName = CanaryShop;
			productReference = 7F731CFB269358E00084EB87 /* CanaryShop.app */;
			productType = "com.apple.product-type.application";
		};
		7F731D10269358E10084EB87 /* CanaryShopTests */ = {
			isa = PBXNativeTarget;
			buildConfigurationList = 7F731D26269358E10084EB87 /* Build configuration list for PBXNativeTarget "CanaryShopTests" */;
			buildPhases = (
				7F731D0D269358E10084EB87 /* Sources */,
				7F731D0E269358E10084EB87 /* Frameworks */,
				7F731D0F269358E10084EB87 /* Resources */,
			);
			buildRules = (
			);
			dependencies = (
				7F731D13269358E10084EB87 /* PBXTargetDependency */,
			);
			name = CanaryShopTests;
			productName = CanaryShopTests;
			productReference = 7F731D11269358E10084EB87 /* CanaryShopTests.xctest */;
			productType = "com.apple.product-type.bundle.unit-test";
		};
		7F731D1A269358E10084EB87 /* CanaryShopUITests */ = {
			isa = PBXNativeTarget;
			buildConfigurationList = 7F731D29269358E10084EB87 /* Build configuration list for PBXNativeTarget "CanaryShopUITests" */;
			buildPhases = (
				7F731D17269358E10084EB87 /* Sources */,
				7F731D18269358E10084EB87 /* Frameworks */,
				7F731D19269358E10084EB87 /* Resources */,
			);
			buildRules = (
			);
			dependencies = (
				7F731D1D269358E10084EB87 /* PBXTargetDependency */,
			);
			name = CanaryShopUITests;
			productName = CanaryShopUITests;
			productReference = 7F731D1B269358E10084EB87 /* CanaryShopUITests.xctest */;
			productType = "com.apple.product-type.bundle.ui-testing";
		};
/* End PBXNativeTarget section */

/* Begin PBXProject section */
		7F731CF3269358E00084EB87 /* Project object */ = {
			isa = PBXProject;
			attributes = {
				BuildIndependentTargetsInParallel = 1;
				LastSwiftUpdateCheck = 1300;
				LastUpgradeCheck = 1300;
				TargetAttributes = {
					7F731CFA269358E00084EB87 = {
						CreatedOnToolsVersion = 13.0;
					};
					7F731D10269358E10084EB87 = {
						CreatedOnToolsVersion = 13.0;
						TestTargetID = 7F731CFA269358E00084EB87;
					};
					7F731D1A269358E10084EB87 = {
						CreatedOnToolsVersion = 13.0;
						TestTargetID = 7F731CFA269358E00084EB87;
					};
				};
			};
			buildConfigurationList = 7F731CF6269358E00084EB87 /* Build configuration list for PBXProject "CanaryShop" */;
			compatibilityVersion = "Xcode 13.0";
			developmentRegion = en;
			hasScannedForEncodings = 0;
			knownRegions = (
				en,
				Base,
			);
			mainGroup = 7F731CF2269358E00084EB87;
			packageReferences = (
				7F268E1926937CDF000BF154 /* XCRemoteSwiftPackageReference "Swinject" */,
			);
			productRefGroup = 7F731CFC269358E00084EB87 /* Products */;
			projectDirPath = "";
			projectRoot = "";
			targets = (
				7F731CFA269358E00084EB87 /* CanaryShop */,
				7F731D10269358E10084EB87 /* CanaryShopTests */,
				7F731D1A269358E10084EB87 /* CanaryShopUITests */,
			);
		};
/* End PBXProject section */

/* Begin PBXResourcesBuildPhase section */
		7F731CF9269358E00084EB87 /* Resources */ = {
			isa = PBXResourcesBuildPhase;
			buildActionMask = 2147483647;
			files = (
				7F38FA9B26986D3A00866D2D /* ListPurchaseTableViewCell.xib in Resources */,
				7F731D0B269358E10084EB87 /* LaunchScreen.storyboard in Resources */,
				7FC8DB45269C670A003BC4A8 /* ListItemsModelJSON.json in Resources */,
				7F38FA6F269752F200866D2D /* ListItemsTableViewCell.xib in Resources */,
				7F731D08269358E10084EB87 /* Assets.xcassets in Resources */,
			);
			runOnlyForDeploymentPostprocessing = 0;
		};
		7F731D0F269358E10084EB87 /* Resources */ = {
			isa = PBXResourcesBuildPhase;
			buildActionMask = 2147483647;
			files = (
				7FC8DB41269C60D7003BC4A8 /* ListItemsModelJSON.json in Resources */,
			);
			runOnlyForDeploymentPostprocessing = 0;
		};
		7F731D19269358E10084EB87 /* Resources */ = {
			isa = PBXResourcesBuildPhase;
			buildActionMask = 2147483647;
			files = (
				7FC8DB46269C670A003BC4A8 /* ListItemsModelJSON.json in Resources */,
			);
			runOnlyForDeploymentPostprocessing = 0;
		};
/* End PBXResourcesBuildPhase section */

/* Begin PBXSourcesBuildPhase section */
		7F731CF7269358E00084EB87 /* Sources */ = {
			isa = PBXSourcesBuildPhase;
			buildActionMask = 2147483647;
			files = (
				7F38FA7A26983BA400866D2D /* DetailInjection.swift in Sources */,
				7F38FA6526971DA600866D2D /* DefaultHomeViewController+BuildComponents.swift in Sources */,
				7F38FA5E269706CD00866D2D /* HomeInjection.swift in Sources */,
				7F38FA4A2696FDFC00866D2D /* RegisterUtils.swift in Sources */,
				7F38FA9A26986D3A00866D2D /* ListPurchaseTableViewCell.swift in Sources */,
				7F38FA9426986C3700866D2D /* ListPurchaseTableManager.swift in Sources */,
				7F38FA6026970DDE00866D2D /* ListItemsModel.swift in Sources */,
				7F38FA8A2698471B00866D2D /* DetailRouter.swift in Sources */,
				7F38FA322696F92500866D2D /* HomeViewController.swift in Sources */,
				7F38FA6726971DAF00866D2D /* DefaultHomeViewController+Layout.swift in Sources */,
				7F38FA402696FC1B00866D2D /* DefaultHomePresenter.swift in Sources */,
				7F731CFF269358E00084EB87 /* AppDelegate.swift in Sources */,
				7F38FA382696FABA00866D2D /* Colors.swift in Sources */,
				7F38FA4E2696FF1A00866D2D /* Interactor.swift in Sources */,
				7F38FA862698463A00866D2D /* DefaultDetailPresenter.swift in Sources */,
				7F38FA512696FF6000866D2D /* ListItemsInteractor.swift in Sources */,
				7F38FA8F26984A1400866D2D /* DiscountsInteractor.swift in Sources */,
				7F731D01269358E00084EB87 /* SceneDelegate.swift in Sources */,
				7F38FA752697842300866D2D /* InvoiceModel.swift in Sources */,
				7F38FA7126975ECE00866D2D /* UITableViewCell+Identifier.swift in Sources */,
				7F38FA302696F91900866D2D /* DefaultHomeViewController.swift in Sources */,
				7F38FA9126984A2B00866D2D /* DiscountsInteractorInjection.swift in Sources */,
				7F38FA3E2696FC1200866D2D /* HomePresenter.swift in Sources */,
				7F38FA58269700FF00866D2D /* WebService.swift in Sources */,
				7F38FA5C2697019300866D2D /* ListItems.swift in Sources */,
				7F38FA7C269843E400866D2D /* DetailViewController.swift in Sources */,
				7F38FA342696FA7B00866D2D /* BaseViewController.swift in Sources */,
				7F38FA4C2696FE1B00866D2D /* Injector.swift in Sources */,
				7F38FA5A2697010F00866D2D /* Endpoint.swift in Sources */,
				7F38FA6A26971F4900866D2D /* ListItemsTableManager.swift in Sources */,
				7F38FA442696FC3200866D2D /* DefaultHomeRouter.swift in Sources */,
				7F38FA9626986CA300866D2D /* ListPurchaseModel.swift in Sources */,
				7F38FA7E269843F800866D2D /* DefaultDetailViewController.swift in Sources */,
				7F38FA632697102D00866D2D /* UIViewController+ActivityIndicator.swift in Sources */,
				7F38FA3A2696FAC300866D2D /* Constants.swift in Sources */,
				7F38FA6E269752F200866D2D /* ListItemsTableViewCell.swift in Sources */,
				7F38FA8C2698473800866D2D /* DefaultDetailRouter.swift in Sources */,
				7F38FA422696FC2900866D2D /* HomeRouter.swift in Sources */,
				7F38FA462696FD3600866D2D /* RouterBase.swift in Sources */,
				7F38FA822698441A00866D2D /* DefaultDetailViewController+Layout.swift in Sources */,
				7F38FA9D2698929B00866D2D /* DiscountsManager.swift in Sources */,
				7F38FA802698440F00866D2D /* DefaultDetailViewController+BuildComponents.swift in Sources */,
				7F38FA842698463200866D2D /* DetailPresenter.swift in Sources */,
				7F38FA532696FF6800866D2D /* ListItemsInteractorInjection.swift in Sources */,
			);
			runOnlyForDeploymentPostprocessing = 0;
		};
		7F731D0D269358E10084EB87 /* Sources */ = {
			isa = PBXSourcesBuildPhase;
			buildActionMask = 2147483647;
			files = (
				7F731D16269358E10084EB87 /* CanaryShopTests.swift in Sources */,
				7FC8DB44269C62D3003BC4A8 /* InvoiceStubs.swift in Sources */,
				7FC8DB3A269C5940003BC4A8 /* DiscountsInteractorTest.swift in Sources */,
				7FC8DB3C269C5C2E003BC4A8 /* DiscountsManagerMock.swift in Sources */,
				7FC8DB3E269C6050003BC4A8 /* ListItemsInteractorMock.swift in Sources */,
				7FC8DB38269C5938003BC4A8 /* DiscountsInteractorMock.swift in Sources */,
			);
			runOnlyForDeploymentPostprocessing = 0;
		};
		7F731D17269358E10084EB87 /* Sources */ = {
			isa = PBXSourcesBuildPhase;
			buildActionMask = 2147483647;
			files = (
				7F731D20269358E10084EB87 /* CanaryShopUITests.swift in Sources */,
			);
			runOnlyForDeploymentPostprocessing = 0;
		};
/* End PBXSourcesBuildPhase section */

/* Begin PBXTargetDependency section */
		7F731D13269358E10084EB87 /* PBXTargetDependency */ = {
			isa = PBXTargetDependency;
			target = 7F731CFA269358E00084EB87 /* CanaryShop */;
			targetProxy = 7F731D12269358E10084EB87 /* PBXContainerItemProxy */;
		};
		7F731D1D269358E10084EB87 /* PBXTargetDependency */ = {
			isa = PBXTargetDependency;
			target = 7F731CFA269358E00084EB87 /* CanaryShop */;
			targetProxy = 7F731D1C269358E10084EB87 /* PBXContainerItemProxy */;
		};
/* End PBXTargetDependency section */

/* Begin PBXVariantGroup section */
		7F731D09269358E10084EB87 /* LaunchScreen.storyboard */ = {
			isa = PBXVariantGroup;
			children = (
				7F731D0A269358E10084EB87 /* Base */,
			);
			name = LaunchScreen.storyboard;
			sourceTree = "<group>";
		};
/* End PBXVariantGroup section */

/* Begin XCBuildConfiguration section */
		7F731D21269358E10084EB87 /* Debug */ = {
			isa = XCBuildConfiguration;
			buildSettings = {
				ALWAYS_SEARCH_USER_PATHS = NO;
				CLANG_ANALYZER_NONNULL = YES;
				CLANG_ANALYZER_NUMBER_OBJECT_CONVERSION = YES_AGGRESSIVE;
				CLANG_CXX_LANGUAGE_STANDARD = "gnu++14";
				CLANG_CXX_LIBRARY = "libc++";
				CLANG_ENABLE_MODULES = YES;
				CLANG_ENABLE_OBJC_ARC = YES;
				CLANG_ENABLE_OBJC_WEAK = YES;
				CLANG_WARN_BLOCK_CAPTURE_AUTORELEASING = YES;
				CLANG_WARN_BOOL_CONVERSION = YES;
				CLANG_WARN_COMMA = YES;
				CLANG_WARN_CONSTANT_CONVERSION = YES;
				CLANG_WARN_DEPRECATED_OBJC_IMPLEMENTATIONS = YES;
				CLANG_WARN_DIRECT_OBJC_ISA_USAGE = YES_ERROR;
				CLANG_WARN_DOCUMENTATION_COMMENTS = YES;
				CLANG_WARN_EMPTY_BODY = YES;
				CLANG_WARN_ENUM_CONVERSION = YES;
				CLANG_WARN_INFINITE_RECURSION = YES;
				CLANG_WARN_INT_CONVERSION = YES;
				CLANG_WARN_NON_LITERAL_NULL_CONVERSION = YES;
				CLANG_WARN_OBJC_IMPLICIT_RETAIN_SELF = YES;
				CLANG_WARN_OBJC_LITERAL_CONVERSION = YES;
				CLANG_WARN_OBJC_ROOT_CLASS = YES_ERROR;
				CLANG_WARN_QUOTED_INCLUDE_IN_FRAMEWORK_HEADER = YES;
				CLANG_WARN_RANGE_LOOP_ANALYSIS = YES;
				CLANG_WARN_STRICT_PROTOTYPES = YES;
				CLANG_WARN_SUSPICIOUS_MOVE = YES;
				CLANG_WARN_UNGUARDED_AVAILABILITY = YES_AGGRESSIVE;
				CLANG_WARN_UNREACHABLE_CODE = YES;
				CLANG_WARN__DUPLICATE_METHOD_MATCH = YES;
				COPY_PHASE_STRIP = NO;
				DEBUG_INFORMATION_FORMAT = dwarf;
				ENABLE_STRICT_OBJC_MSGSEND = YES;
				ENABLE_TESTABILITY = YES;
				GCC_C_LANGUAGE_STANDARD = gnu11;
				GCC_DYNAMIC_NO_PIC = NO;
				GCC_NO_COMMON_BLOCKS = YES;
				GCC_OPTIMIZATION_LEVEL = 0;
				GCC_PREPROCESSOR_DEFINITIONS = (
					"DEBUG=1",
					"$(inherited)",
				);
				GCC_WARN_64_TO_32_BIT_CONVERSION = YES;
				GCC_WARN_ABOUT_RETURN_TYPE = YES_ERROR;
				GCC_WARN_UNDECLARED_SELECTOR = YES;
				GCC_WARN_UNINITIALIZED_AUTOS = YES_AGGRESSIVE;
				GCC_WARN_UNUSED_FUNCTION = YES;
				GCC_WARN_UNUSED_VARIABLE = YES;
				IPHONEOS_DEPLOYMENT_TARGET = 15.0;
				MTL_ENABLE_DEBUG_INFO = INCLUDE_SOURCE;
				MTL_FAST_MATH = YES;
				ONLY_ACTIVE_ARCH = YES;
				SDKROOT = iphoneos;
				SWIFT_ACTIVE_COMPILATION_CONDITIONS = DEBUG;
				SWIFT_OPTIMIZATION_LEVEL = "-Onone";
			};
			name = Debug;
		};
		7F731D22269358E10084EB87 /* Release */ = {
			isa = XCBuildConfiguration;
			buildSettings = {
				ALWAYS_SEARCH_USER_PATHS = NO;
				CLANG_ANALYZER_NONNULL = YES;
				CLANG_ANALYZER_NUMBER_OBJECT_CONVERSION = YES_AGGRESSIVE;
				CLANG_CXX_LANGUAGE_STANDARD = "gnu++14";
				CLANG_CXX_LIBRARY = "libc++";
				CLANG_ENABLE_MODULES = YES;
				CLANG_ENABLE_OBJC_ARC = YES;
				CLANG_ENABLE_OBJC_WEAK = YES;
				CLANG_WARN_BLOCK_CAPTURE_AUTORELEASING = YES;
				CLANG_WARN_BOOL_CONVERSION = YES;
				CLANG_WARN_COMMA = YES;
				CLANG_WARN_CONSTANT_CONVERSION = YES;
				CLANG_WARN_DEPRECATED_OBJC_IMPLEMENTATIONS = YES;
				CLANG_WARN_DIRECT_OBJC_ISA_USAGE = YES_ERROR;
				CLANG_WARN_DOCUMENTATION_COMMENTS = YES;
				CLANG_WARN_EMPTY_BODY = YES;
				CLANG_WARN_ENUM_CONVERSION = YES;
				CLANG_WARN_INFINITE_RECURSION = YES;
				CLANG_WARN_INT_CONVERSION = YES;
				CLANG_WARN_NON_LITERAL_NULL_CONVERSION = YES;
				CLANG_WARN_OBJC_IMPLICIT_RETAIN_SELF = YES;
				CLANG_WARN_OBJC_LITERAL_CONVERSION = YES;
				CLANG_WARN_OBJC_ROOT_CLASS = YES_ERROR;
				CLANG_WARN_QUOTED_INCLUDE_IN_FRAMEWORK_HEADER = YES;
				CLANG_WARN_RANGE_LOOP_ANALYSIS = YES;
				CLANG_WARN_STRICT_PROTOTYPES = YES;
				CLANG_WARN_SUSPICIOUS_MOVE = YES;
				CLANG_WARN_UNGUARDED_AVAILABILITY = YES_AGGRESSIVE;
				CLANG_WARN_UNREACHABLE_CODE = YES;
				CLANG_WARN__DUPLICATE_METHOD_MATCH = YES;
				COPY_PHASE_STRIP = NO;
				DEBUG_INFORMATION_FORMAT = "dwarf-with-dsym";
				ENABLE_NS_ASSERTIONS = NO;
				ENABLE_STRICT_OBJC_MSGSEND = YES;
				GCC_C_LANGUAGE_STANDARD = gnu11;
				GCC_NO_COMMON_BLOCKS = YES;
				GCC_WARN_64_TO_32_BIT_CONVERSION = YES;
				GCC_WARN_ABOUT_RETURN_TYPE = YES_ERROR;
				GCC_WARN_UNDECLARED_SELECTOR = YES;
				GCC_WARN_UNINITIALIZED_AUTOS = YES_AGGRESSIVE;
				GCC_WARN_UNUSED_FUNCTION = YES;
				GCC_WARN_UNUSED_VARIABLE = YES;
				IPHONEOS_DEPLOYMENT_TARGET = 15.0;
				MTL_ENABLE_DEBUG_INFO = NO;
				MTL_FAST_MATH = YES;
				SDKROOT = iphoneos;
				SWIFT_COMPILATION_MODE = wholemodule;
				SWIFT_OPTIMIZATION_LEVEL = "-O";
				VALIDATE_PRODUCT = YES;
			};
			name = Release;
		};
		7F731D24269358E10084EB87 /* Debug */ = {
			isa = XCBuildConfiguration;
			buildSettings = {
				ASSETCATALOG_COMPILER_APPICON_NAME = AppIcon;
				ASSETCATALOG_COMPILER_GLOBAL_ACCENT_COLOR_NAME = AccentColor;
				CODE_SIGN_STYLE = Automatic;
				CURRENT_PROJECT_VERSION = 1;
				GENERATE_INFOPLIST_FILE = YES;
				INFOPLIST_FILE = CanaryShop/Base/Info.plist;
				INFOPLIST_KEY_CFBundleExecutable = CanaryShop;
				INFOPLIST_KEY_CFBundleName = CanaryShop;
				INFOPLIST_KEY_CFBundleVersion = 1;
				INFOPLIST_KEY_UIApplicationSupportsIndirectInputEvents = YES;
				INFOPLIST_KEY_UILaunchStoryboardName = LaunchScreen;
				INFOPLIST_KEY_UISupportedInterfaceOrientations = UIInterfaceOrientationPortrait;
				INFOPLIST_KEY_UISupportedInterfaceOrientations_iPad = "UIInterfaceOrientationPortrait UIInterfaceOrientationPortraitUpsideDown UIInterfaceOrientationLandscapeLeft UIInterfaceOrientationLandscapeRight";
				INFOPLIST_KEY_UISupportedInterfaceOrientations_iPhone = "UIInterfaceOrientationPortrait UIInterfaceOrientationLandscapeLeft UIInterfaceOrientationLandscapeRight";
				LD_RUNPATH_SEARCH_PATHS = (
					"$(inherited)",
					"@executable_path/Frameworks",
				);
				MARKETING_VERSION = 1.0;
				PRODUCT_BUNDLE_IDENTIFIER = jpv.CanaryShop;
				PRODUCT_NAME = "$(TARGET_NAME)";
				SWIFT_EMIT_LOC_STRINGS = YES;
				SWIFT_VERSION = 5.0;
				TARGETED_DEVICE_FAMILY = 1;
			};
			name = Debug;
		};
		7F731D25269358E10084EB87 /* Release */ = {
			isa = XCBuildConfiguration;
			buildSettings = {
				ASSETCATALOG_COMPILER_APPICON_NAME = AppIcon;
				ASSETCATALOG_COMPILER_GLOBAL_ACCENT_COLOR_NAME = AccentColor;
				CODE_SIGN_STYLE = Automatic;
				CURRENT_PROJECT_VERSION = 1;
				GENERATE_INFOPLIST_FILE = YES;
				INFOPLIST_FILE = CanaryShop/Base/Info.plist;
				INFOPLIST_KEY_CFBundleExecutable = CanaryShop;
				INFOPLIST_KEY_CFBundleName = CanaryShop;
				INFOPLIST_KEY_CFBundleVersion = 1;
				INFOPLIST_KEY_UIApplicationSupportsIndirectInputEvents = YES;
				INFOPLIST_KEY_UILaunchStoryboardName = LaunchScreen;
				INFOPLIST_KEY_UISupportedInterfaceOrientations = UIInterfaceOrientationPortrait;
				INFOPLIST_KEY_UISupportedInterfaceOrientations_iPad = "UIInterfaceOrientationPortrait UIInterfaceOrientationPortraitUpsideDown UIInterfaceOrientationLandscapeLeft UIInterfaceOrientationLandscapeRight";
				INFOPLIST_KEY_UISupportedInterfaceOrientations_iPhone = "UIInterfaceOrientationPortrait UIInterfaceOrientationLandscapeLeft UIInterfaceOrientationLandscapeRight";
				LD_RUNPATH_SEARCH_PATHS = (
					"$(inherited)",
					"@executable_path/Frameworks",
				);
				MARKETING_VERSION = 1.0;
				PRODUCT_BUNDLE_IDENTIFIER = jpv.CanaryShop;
				PRODUCT_NAME = "$(TARGET_NAME)";
				SWIFT_EMIT_LOC_STRINGS = YES;
				SWIFT_VERSION = 5.0;
				TARGETED_DEVICE_FAMILY = 1;
			};
			name = Release;
		};
		7F731D27269358E10084EB87 /* Debug */ = {
			isa = XCBuildConfiguration;
			buildSettings = {
				ALWAYS_EMBED_SWIFT_STANDARD_LIBRARIES = YES;
				BUNDLE_LOADER = "$(TEST_HOST)";
				CODE_SIGN_STYLE = Automatic;
				CURRENT_PROJECT_VERSION = 1;
				GENERATE_INFOPLIST_FILE = YES;
				IPHONEOS_DEPLOYMENT_TARGET = 15.0;
				LD_RUNPATH_SEARCH_PATHS = (
					"$(inherited)",
					"@executable_path/Frameworks",
					"@loader_path/Frameworks",
				);
				MARKETING_VERSION = 1.0;
				PRODUCT_BUNDLE_IDENTIFIER = jpv.CanaryShopTests;
				PRODUCT_NAME = "$(TARGET_NAME)";
				SWIFT_EMIT_LOC_STRINGS = NO;
				SWIFT_VERSION = 5.0;
				TARGETED_DEVICE_FAMILY = "1,2";
				TEST_HOST = "$(BUILT_PRODUCTS_DIR)/CanaryShop.app/CanaryShop";
			};
			name = Debug;
		};
		7F731D28269358E10084EB87 /* Release */ = {
			isa = XCBuildConfiguration;
			buildSettings = {
				ALWAYS_EMBED_SWIFT_STANDARD_LIBRARIES = YES;
				BUNDLE_LOADER = "$(TEST_HOST)";
				CODE_SIGN_STYLE = Automatic;
				CURRENT_PROJECT_VERSION = 1;
				GENERATE_INFOPLIST_FILE = YES;
				IPHONEOS_DEPLOYMENT_TARGET = 15.0;
				LD_RUNPATH_SEARCH_PATHS = (
					"$(inherited)",
					"@executable_path/Frameworks",
					"@loader_path/Frameworks",
				);
				MARKETING_VERSION = 1.0;
				PRODUCT_BUNDLE_IDENTIFIER = jpv.CanaryShopTests;
				PRODUCT_NAME = "$(TARGET_NAME)";
				SWIFT_EMIT_LOC_STRINGS = NO;
				SWIFT_VERSION = 5.0;
				TARGETED_DEVICE_FAMILY = "1,2";
				TEST_HOST = "$(BUILT_PRODUCTS_DIR)/CanaryShop.app/CanaryShop";
			};
			name = Release;
		};
		7F731D2A269358E10084EB87 /* Debug */ = {
			isa = XCBuildConfiguration;
			buildSettings = {
				ALWAYS_EMBED_SWIFT_STANDARD_LIBRARIES = YES;
				CODE_SIGN_STYLE = Automatic;
				CURRENT_PROJECT_VERSION = 1;
				GENERATE_INFOPLIST_FILE = YES;
				LD_RUNPATH_SEARCH_PATHS = (
					"$(inherited)",
					"@executable_path/Frameworks",
					"@loader_path/Frameworks",
				);
				MARKETING_VERSION = 1.0;
				PRODUCT_BUNDLE_IDENTIFIER = jpv.CanaryShopUITests;
				PRODUCT_NAME = "$(TARGET_NAME)";
				SWIFT_EMIT_LOC_STRINGS = NO;
				SWIFT_VERSION = 5.0;
				TARGETED_DEVICE_FAMILY = "1,2";
				TEST_TARGET_NAME = CanaryShop;
			};
			name = Debug;
		};
		7F731D2B269358E10084EB87 /* Release */ = {
			isa = XCBuildConfiguration;
			buildSettings = {
				ALWAYS_EMBED_SWIFT_STANDARD_LIBRARIES = YES;
				CODE_SIGN_STYLE = Automatic;
				CURRENT_PROJECT_VERSION = 1;
				GENERATE_INFOPLIST_FILE = YES;
				LD_RUNPATH_SEARCH_PATHS = (
					"$(inherited)",
					"@executable_path/Frameworks",
					"@loader_path/Frameworks",
				);
				MARKETING_VERSION = 1.0;
				PRODUCT_BUNDLE_IDENTIFIER = jpv.CanaryShopUITests;
				PRODUCT_NAME = "$(TARGET_NAME)";
				SWIFT_EMIT_LOC_STRINGS = NO;
				SWIFT_VERSION = 5.0;
				TARGETED_DEVICE_FAMILY = "1,2";
				TEST_TARGET_NAME = CanaryShop;
			};
			name = Release;
		};
/* End XCBuildConfiguration section */

/* Begin XCConfigurationList section */
		7F731CF6269358E00084EB87 /* Build configuration list for PBXProject "CanaryShop" */ = {
			isa = XCConfigurationList;
			buildConfigurations = (
				7F731D21269358E10084EB87 /* Debug */,
				7F731D22269358E10084EB87 /* Release */,
			);
			defaultConfigurationIsVisible = 0;
			defaultConfigurationName = Release;
		};
		7F731D23269358E10084EB87 /* Build configuration list for PBXNativeTarget "CanaryShop" */ = {
			isa = XCConfigurationList;
			buildConfigurations = (
				7F731D24269358E10084EB87 /* Debug */,
				7F731D25269358E10084EB87 /* Release */,
			);
			defaultConfigurationIsVisible = 0;
			defaultConfigurationName = Release;
		};
		7F731D26269358E10084EB87 /* Build configuration list for PBXNativeTarget "CanaryShopTests" */ = {
			isa = XCConfigurationList;
			buildConfigurations = (
				7F731D27269358E10084EB87 /* Debug */,
				7F731D28269358E10084EB87 /* Release */,
			);
			defaultConfigurationIsVisible = 0;
			defaultConfigurationName = Release;
		};
		7F731D29269358E10084EB87 /* Build configuration list for PBXNativeTarget "CanaryShopUITests" */ = {
			isa = XCConfigurationList;
			buildConfigurations = (
				7F731D2A269358E10084EB87 /* Debug */,
				7F731D2B269358E10084EB87 /* Release */,
			);
			defaultConfigurationIsVisible = 0;
			defaultConfigurationName = Release;
		};
/* End XCConfigurationList section */

/* Begin XCRemoteSwiftPackageReference section */
		7F268E1926937CDF000BF154 /* XCRemoteSwiftPackageReference "Swinject" */ = {
			isa = XCRemoteSwiftPackageReference;
			repositoryURL = "https://github.com/Swinject/Swinject.git";
			requirement = {
				kind = upToNextMajorVersion;
				minimumVersion = 2.0.0;
			};
		};
/* End XCRemoteSwiftPackageReference section */

/* Begin XCSwiftPackageProductDependency section */
		7F268E1A26937CDF000BF154 /* Swinject */ = {
			isa = XCSwiftPackageProductDependency;
			package = 7F268E1926937CDF000BF154 /* XCRemoteSwiftPackageReference "Swinject" */;
			productName = Swinject;
		};
/* End XCSwiftPackageProductDependency section */
	};
	rootObject = 7F731CF3269358E00084EB87 /* Project object */;
}
